PODS:
  - Flutter (1.0.0)
  - flutter_webrtc (0.11.3):
    - Flutter
    - WebRTC-SDK (= 125.6422.04)
  - WebRTC-SDK (125.6422.04)

DEPENDENCIES:
  - Flutter (from `Flutter`)
  - flutter_webrtc (from `.symlinks/plugins/flutter_webrtc/ios`)

SPEC REPOS:
  trunk:
    - WebRTC-SDK

EXTERNAL SOURCES:
  Flutter:
    :path: Flutter
  flutter_webrtc:
    :path: ".symlinks/plugins/flutter_webrtc/ios"

SPEC CHECKSUMS:
  Flutter: cabc95a1d2626b1b06e7179b784ebcf0c0cde467
  flutter_webrtc: 89f078a5050779eaa4a6a4f472954737bb91f39f
  WebRTC-SDK: c3d69a87e7185fad3568f6f3cff7c9ac5890acf3

PODFILE CHECKSUM: 3c63482e143d1b91d2d2560aee9fb04ecc74ac7e

COCOAPODS: 1.16.2
